
Microsoft Visual Studio Solution File, Format Version 12.00
# Visual Studio 15
VisualStudioVersion = 15.0.27703.2018
MinimumVisualStudioVersion = 10.0.40219.1
Project("{9A19103F-16F7-4668-BE54-9A1E7A4F7556}") = "IssueTracker", "WebApplication1\IssueTracker.csproj", "{BEE48010-6E36-44C2-864A-93DAD45C6A8A}"
EndProject
Global
	GlobalSection(SolutionConfigurationPlatforms) = preSolution
		Debug|Any CPU = Debug|Any CPU
		Release|Any CPU = Release|Any CPU
	EndGlobalSection
	GlobalSection(ProjectConfigurationPlatforms) = postSolution
		{BEE48010-6E36-44C2-864A-93DAD45C6A8A}.Debug|Any CPU.ActiveCfg = Debug|Any CPU
		{BEE48010-6E36-44C2-864A-93DAD45C6A8A}.Debug|Any CPU.Build.0 = Debug|Any CPU
		{BEE48010-6E36-44C2-864A-93DAD45C6A8A}.Release|Any CPU.ActiveCfg = Release|Any CPU
		{BEE48010-6E36-44C2-864A-93DAD45C6A8A}.Release|Any CPU.Build.0 = Release|Any CPU
	EndGlobalSection
	GlobalSection(SolutionProperties) = preSolution
		HideSolutionNode = FALSE
	EndGlobalSection
	GlobalSection(ExtensibilityGlobals) = postSolution
		SolutionGuid = {7068D031-DEDD-4578-9668-50C8EA842C8C}
	EndGlobalSection
EndGlobal
